
Microsoft Visual Studio Solution File, Format Version 12.00
# Visual Studio Version 17
VisualStudioVersion = 17.5.002.0
MinimumVisualStudioVersion = 10.0.40219.1
Project("{9A19103F-16F7-4668-BE54-9A1E7A4F7556}") = "CodingTimeTracker", "CodingTimeTracker.csproj", "{B3A0A055-31A0-44EE-AC2C-6E1C104360CC}"
EndProject
Global
	GlobalSection(SolutionConfigurationPlatforms) = preSolution
		Debug|Any CPU = Debug|Any CPU
		Release|Any CPU = Release|Any CPU
	EndGlobalSection
	GlobalSection(ProjectConfigurationPlatforms) = postSolution
		{B3A0A055-31A0-44EE-AC2C-6E1C104360CC}.Debug|Any CPU.ActiveCfg = Debug|Any CPU
		{B3A0A055-31A0-44EE-AC2C-6E1C104360CC}.Debug|Any CPU.Build.0 = Debug|Any CPU
		{B3A0A055-31A0-44EE-AC2C-6E1C104360CC}.Release|Any CPU.ActiveCfg = Release|Any CPU
		{B3A0A055-31A0-44EE-AC2C-6E1C104360CC}.Release|Any CPU.Build.0 = Release|Any CPU
	EndGlobalSection
	GlobalSection(SolutionProperties) = preSolution
		HideSolutionNode = FALSE
	EndGlobalSection
	GlobalSection(ExtensibilityGlobals) = postSolution
		SolutionGuid = {26B8A397-14A0-40CD-9E0B-D93A87FAFD6C}
	EndGlobalSection
EndGlobal
